
Microsoft Visual Studio Solution File, Format Version 12.00
# Visual Studio Version 17
VisualStudioVersion = 17.5.33516.290
MinimumVisualStudioVersion = 10.0.40219.1
Project("{FAE04EC0-301F-11D3-BF4B-00C04F79EFBC}") = "SwapYE", "SwapYE\SwapYE.csproj", "{56CAAC03-DDF7-4799-997A-6BED76F27159}"
EndProject
Global
	GlobalSection(SolutionConfigurationPlatforms) = preSolution
		Debug|Any CPU = Debug|Any CPU
		Release|Any CPU = Release|Any CPU
	EndGlobalSection
	GlobalSection(ProjectConfigurationPlatforms) = postSolution
		{56CAAC03-DDF7-4799-997A-6BED76F27159}.Debug|Any CPU.ActiveCfg = Debug|Any CPU
		{56CAAC03-DDF7-4799-997A-6BED76F27159}.Debug|Any CPU.Build.0 = Debug|Any CPU
		{56CAAC03-DDF7-4799-997A-6BED76F27159}.Release|Any CPU.ActiveCfg = Release|Any CPU
		{56CAAC03-DDF7-4799-997A-6BED76F27159}.Release|Any CPU.Build.0 = Release|Any CPU
	EndGlobalSection
	GlobalSection(SolutionProperties) = preSolution
		HideSolutionNode = FALSE
	EndGlobalSection
	GlobalSection(ExtensibilityGlobals) = postSolution
		SolutionGuid = {AD6E0423-5148-4D07-938F-37E3F4307C00}
	EndGlobalSection
EndGlobal
